
Microsoft Visual Studio Solution File, Format Version 12.00
# Visual Studio 15
VisualStudioVersion = 15.0.28307.168
MinimumVisualStudioVersion = 10.0.40219.1
Project("{FAE04EC0-301F-11D3-BF4B-00C04F79EFBC}") = "BookmarkMergeTool", "Src\BookmarkMergeTool\BookmarkMergeTool.csproj", "{750BF8A8-2719-421B-ACB5-772598ABFD80}"
EndProject
Global
	GlobalSection(SolutionConfigurationPlatforms) = preSolution
		Debug|Any CPU = Debug|Any CPU
		Release|Any CPU = Release|Any CPU
	EndGlobalSection
	GlobalSection(ProjectConfigurationPlatforms) = postSolution
		{750BF8A8-2719-421B-ACB5-772598ABFD80}.Debug|Any CPU.ActiveCfg = Debug|Any CPU
		{750BF8A8-2719-421B-ACB5-772598ABFD80}.Debug|Any CPU.Build.0 = Debug|Any CPU
		{750BF8A8-2719-421B-ACB5-772598ABFD80}.Release|Any CPU.ActiveCfg = Release|Any CPU
		{750BF8A8-2719-421B-ACB5-772598ABFD80}.Release|Any CPU.Build.0 = Release|Any CPU
	EndGlobalSection
	GlobalSection(SolutionProperties) = preSolution
		HideSolutionNode = FALSE
	EndGlobalSection
	GlobalSection(ExtensibilityGlobals) = postSolution
		SolutionGuid = {A7FCFD72-0187-4921-925C-61A132F82E12}
	EndGlobalSection
EndGlobal
